
Microsoft Visual Studio Solution File, Format Version 12.00
# Visual Studio Version 16
VisualStudioVersion = 16.0.31515.178
MinimumVisualStudioVersion = 10.0.40219.1
Project("{FAE04EC0-301F-11D3-BF4B-00C04F79EFBC}") = "JITK", "JITK\JITK.csproj", "{EC28F37B-89C4-42AA-97CD-AFDCE7A7A818}"
EndProject
Project("{9A19103F-16F7-4668-BE54-9A1E7A4F7556}") = "Sharprompt", "Sharprompt-2.3.0\Sharprompt\Sharprompt.csproj", "{8551B506-0778-4307-A811-FC3352DC9B5F}"
EndProject
Project("{FAE04EC0-301F-11D3-BF4B-00C04F79EFBC}") = "Dis2Msil", "Dis2Msil\Dis2Msil\Dis2Msil.csproj", "{9873F12D-9C5B-4756-B31C-B514664638CE}"
EndProject
Global
	GlobalSection(SolutionConfigurationPlatforms) = preSolution
		Debug|Any CPU = Debug|Any CPU
		Release|Any CPU = Release|Any CPU
	EndGlobalSection
	GlobalSection(ProjectConfigurationPlatforms) = postSolution
		{EC28F37B-89C4-42AA-97CD-AFDCE7A7A818}.Debug|Any CPU.ActiveCfg = Debug|Any CPU
		{EC28F37B-89C4-42AA-97CD-AFDCE7A7A818}.Debug|Any CPU.Build.0 = Debug|Any CPU
		{EC28F37B-89C4-42AA-97CD-AFDCE7A7A818}.Release|Any CPU.ActiveCfg = Release|Any CPU
		{EC28F37B-89C4-42AA-97CD-AFDCE7A7A818}.Release|Any CPU.Build.0 = Release|Any CPU
		{8551B506-0778-4307-A811-FC3352DC9B5F}.Debug|Any CPU.ActiveCfg = Debug|Any CPU
		{8551B506-0778-4307-A811-FC3352DC9B5F}.Debug|Any CPU.Build.0 = Debug|Any CPU
		{8551B506-0778-4307-A811-FC3352DC9B5F}.Release|Any CPU.ActiveCfg = Release|Any CPU
		{8551B506-0778-4307-A811-FC3352DC9B5F}.Release|Any CPU.Build.0 = Release|Any CPU
		{9873F12D-9C5B-4756-B31C-B514664638CE}.Debug|Any CPU.ActiveCfg = Debug|Any CPU
		{9873F12D-9C5B-4756-B31C-B514664638CE}.Debug|Any CPU.Build.0 = Debug|Any CPU
		{9873F12D-9C5B-4756-B31C-B514664638CE}.Release|Any CPU.ActiveCfg = Release|Any CPU
		{9873F12D-9C5B-4756-B31C-B514664638CE}.Release|Any CPU.Build.0 = Release|Any CPU
	EndGlobalSection
	GlobalSection(SolutionProperties) = preSolution
		HideSolutionNode = FALSE
	EndGlobalSection
	GlobalSection(ExtensibilityGlobals) = postSolution
		SolutionGuid = {325F1521-55FE-4569-B235-6D8D4C0778B4}
	EndGlobalSection
EndGlobal
